{
  "object": {
    "pins": [
      {
        "package": "BaseAPI",
        "repositoryURL": "https://github.com/serhii-londar/BaseAPI.git",
        "state": {
          "branch": null,
          "revision": "b1d3fe62e37ceb2b59d5596890e98399b93f31ca",
          "version": "0.1.7"
        }
      },
      {
        "package": "GithubAPI",
        "repositoryURL": "https://github.com/serhii-londar/GithubAPI",
        "state": {
          "branch": null,
          "revision": "3b354a068942dddda4a6a2f0fe988ac04ebd7734",
          "version": "0.0.6"
        }
      }
    ]
  },
  "version": 1
}
